
Microsoft Visual Studio Solution File, Format Version 12.00
# Visual Studio Version 17
VisualStudioVersion = 17.5.002.0
MinimumVisualStudioVersion = 10.0.40219.1
Project("{9A19103F-16F7-4668-BE54-9A1E7A4F7556}") = "WheeluAPI", "WheeluAPI.csproj", "{75613D76-8914-4761-9D63-6D32420A7927}"
EndProject
Global
	GlobalSection(SolutionConfigurationPlatforms) = preSolution
		Debug|Any CPU = Debug|Any CPU
		Release|Any CPU = Release|Any CPU
	EndGlobalSection
	GlobalSection(ProjectConfigurationPlatforms) = postSolution
		{75613D76-8914-4761-9D63-6D32420A7927}.Debug|Any CPU.ActiveCfg = Debug|Any CPU
		{75613D76-8914-4761-9D63-6D32420A7927}.Debug|Any CPU.Build.0 = Debug|Any CPU
		{75613D76-8914-4761-9D63-6D32420A7927}.Release|Any CPU.ActiveCfg = Release|Any CPU
		{75613D76-8914-4761-9D63-6D32420A7927}.Release|Any CPU.Build.0 = Release|Any CPU
	EndGlobalSection
	GlobalSection(SolutionProperties) = preSolution
		HideSolutionNode = FALSE
	EndGlobalSection
	GlobalSection(ExtensibilityGlobals) = postSolution
		SolutionGuid = {03ACB7AC-A36A-4806-9CC8-456D5D743C4F}
	EndGlobalSection
EndGlobal
